// !$*UTF8*$!
{
	archiveVersion = 1;
	classes = {
	};
	objectVersion = 46;
	objects = {

/* Begin PBXBuildFile section */
		B314BDDE1D13A463008B7847 /* CDPZoomIn.png in Resources */ = {isa = PBXBuildFile; fileRef = B314BDDB1D13A463008B7847 /* CDPZoomIn.png */; };
		B314BDDF1D13A463008B7847 /* CDPZoomIn@2x.png in Resources */ = {isa = PBXBuildFile; fileRef = B314BDDC1D13A463008B7847 /* CDPZoomIn@2x.png */; };
		B314BDE01D13A463008B7847 /* CDPZoomOut@2x.png in Resources */ = {isa = PBXBuildFile; fileRef = B314BDDD1D13A463008B7847 /* CDPZoomOut@2x.png */; };
		B314BDE21D13A473008B7847 /* CDPZoomOut.png in Resources */ = {isa = PBXBuildFile; fileRef = B314BDE11D13A473008B7847 /* CDPZoomOut.png */; };
		B314BDE51D13F0F9008B7847 /* LYBFilmstripView.m in Sources */ = {isa = PBXBuildFile; fileRef = B314BDE41D13F0F9008B7847 /* LYBFilmstripView.m */; };
		B393916D1D0E920C009E2C83 /* LYBOverlayView.m in Sources */ = {isa = PBXBuildFile; fileRef = B393916C1D0E920C009E2C83 /* LYBOverlayView.m */; };
		B393916F1D0E9223009E2C83 /* LYBOverlayView.xib in Resources */ = {isa = PBXBuildFile; fileRef = B393916E1D0E9223009E2C83 /* LYBOverlayView.xib */; };
		B393917A1D0E9447009E2C83 /* knob_highlighted.png in Resources */ = {isa = PBXBuildFile; fileRef = B39391701D0E9447009E2C83 /* knob_highlighted.png */; };
		B393917B1D0E9447009E2C83 /* knob_highlighted@2x.png in Resources */ = {isa = PBXBuildFile; fileRef = B39391711D0E9447009E2C83 /* knob_highlighted@2x.png */; };
		B393917C1D0E9447009E2C83 /* knob.png in Resources */ = {isa = PBXBuildFile; fileRef = B39391721D0E9447009E2C83 /* knob.png */; };
		B393917D1D0E9447009E2C83 /* knob@2x.png in Resources */ = {isa = PBXBuildFile; fileRef = B39391731D0E9447009E2C83 /* knob@2x.png */; };
		B393917E1D0E9447009E2C83 /* pause_button.png in Resources */ = {isa = PBXBuildFile; fileRef = B39391741D0E9447009E2C83 /* pause_button.png */; };
		B393917F1D0E9447009E2C83 /* pause_button@2x.png in Resources */ = {isa = PBXBuildFile; fileRef = B39391751D0E9447009E2C83 /* pause_button@2x.png */; };
		B39391801D0E9447009E2C83 /* play_button.png in Resources */ = {isa = PBXBuildFile; fileRef = B39391761D0E9447009E2C83 /* play_button.png */; };
		B39391811D0E9447009E2C83 /* play_button@2x.png in Resources */ = {isa = PBXBuildFile; fileRef = B39391771D0E9447009E2C83 /* play_button@2x.png */; };
		B39391821D0E9447009E2C83 /* tp_info_popup.png in Resources */ = {isa = PBXBuildFile; fileRef = B39391781D0E9447009E2C83 /* tp_info_popup.png */; };
		B39391831D0E9447009E2C83 /* tp_info_popup@2x.png in Resources */ = {isa = PBXBuildFile; fileRef = B39391791D0E9447009E2C83 /* tp_info_popup@2x.png */; };
		B39391871D0EA721009E2C83 /* LYBPlayerView.m in Sources */ = {isa = PBXBuildFile; fileRef = B39391861D0EA721009E2C83 /* LYBPlayerView.m */; };
		B393918B1D0EA86C009E2C83 /* RootViewController.m in Sources */ = {isa = PBXBuildFile; fileRef = B39391891D0EA86C009E2C83 /* RootViewController.m */; };
		B39391961D0EAEAD009E2C83 /* AVAsset+THAdditions.m in Sources */ = {isa = PBXBuildFile; fileRef = B393918F1D0EAEAD009E2C83 /* AVAsset+THAdditions.m */; };
		B39391971D0EAEAD009E2C83 /* NSTimer+Additions.m in Sources */ = {isa = PBXBuildFile; fileRef = B39391911D0EAEAD009E2C83 /* NSTimer+Additions.m */; };
		B39391981D0EAEAD009E2C83 /* UIAlertView+THAdditions.m in Sources */ = {isa = PBXBuildFile; fileRef = B39391931D0EAEAD009E2C83 /* UIAlertView+THAdditions.m */; };
		B39391991D0EAEAD009E2C83 /* UIView+THAdditions.m in Sources */ = {isa = PBXBuildFile; fileRef = B39391951D0EAEAD009E2C83 /* UIView+THAdditions.m */; };
		B393919D1D0FF485009E2C83 /* LYBPlayerManager.m in Sources */ = {isa = PBXBuildFile; fileRef = B393919C1D0FF485009E2C83 /* LYBPlayerManager.m */; };
		B39391C81D1000BA009E2C83 /* LYBNotifications.m in Sources */ = {isa = PBXBuildFile; fileRef = B39391C51D1000BA009E2C83 /* LYBNotifications.m */; };
		B39391C91D1000BA009E2C83 /* LYBThumbnail.m in Sources */ = {isa = PBXBuildFile; fileRef = B39391C71D1000BA009E2C83 /* LYBThumbnail.m */; };
		B3B63DB41D090C9A00780097 /* main.m in Sources */ = {isa = PBXBuildFile; fileRef = B3B63DB31D090C9A00780097 /* main.m */; };
		B3B63DB71D090C9A00780097 /* AppDelegate.m in Sources */ = {isa = PBXBuildFile; fileRef = B3B63DB61D090C9A00780097 /* AppDelegate.m */; };
		B3B63DB91D090C9A00780097 /* Assets.xcassets in Resources */ = {isa = PBXBuildFile; fileRef = B3B63DB81D090C9A00780097 /* Assets.xcassets */; };
		B3B63DBC1D090C9A00780097 /* LaunchScreen.storyboard in Resources */ = {isa = PBXBuildFile; fileRef = B3B63DBA1D090C9A00780097 /* LaunchScreen.storyboard */; };
/* End PBXBuildFile section */

/* Begin PBXFileReference section */
		B314BDDB1D13A463008B7847 /* CDPZoomIn.png */ = {isa = PBXFileReference; lastKnownFileType = image.png; path = CDPZoomIn.png; sourceTree = "<group>"; };
		B314BDDC1D13A463008B7847 /* CDPZoomIn@2x.png */ = {isa = PBXFileReference; lastKnownFileType = image.png; path = "CDPZoomIn@2x.png"; sourceTree = "<group>"; };
		B314BDDD1D13A463008B7847 /* CDPZoomOut@2x.png */ = {isa = PBXFileReference; lastKnownFileType = image.png; path = "CDPZoomOut@2x.png"; sourceTree = "<group>"; };
		B314BDE11D13A473008B7847 /* CDPZoomOut.png */ = {isa = PBXFileReference; lastKnownFileType = image.png; path = CDPZoomOut.png; sourceTree = "<group>"; };
		B314BDE31D13F0F9008B7847 /* LYBFilmstripView.h */ = {isa = PBXFileReference; fileEncoding = 4; lastKnownFileType = sourcecode.c.h; path = LYBFilmstripView.h; sourceTree = "<group>"; };
		B314BDE41D13F0F9008B7847 /* LYBFilmstripView.m */ = {isa = PBXFileReference; fileEncoding = 4; lastKnownFileType = sourcecode.c.objc; path = LYBFilmstripView.m; sourceTree = "<group>"; };
		B393916B1D0E920C009E2C83 /* LYBOverlayView.h */ = {isa = PBXFileReference; fileEncoding = 4; lastKnownFileType = sourcecode.c.h; path = LYBOverlayView.h; sourceTree = "<group>"; };
		B393916C1D0E920C009E2C83 /* LYBOverlayView.m */ = {isa = PBXFileReference; fileEncoding = 4; lastKnownFileType = sourcecode.c.objc; path = LYBOverlayView.m; sourceTree = "<group>"; };
		B393916E1D0E9223009E2C83 /* LYBOverlayView.xib */ = {isa = PBXFileReference; fileEncoding = 4; lastKnownFileType = file.xib; path = LYBOverlayView.xib; sourceTree = "<group>"; };
		B39391701D0E9447009E2C83 /* knob_highlighted.png */ = {isa = PBXFileReference; lastKnownFileType = image.png; path = knob_highlighted.png; sourceTree = "<group>"; };
		B39391711D0E9447009E2C83 /* knob_highlighted@2x.png */ = {isa = PBXFileReference; lastKnownFileType = image.png; path = "knob_highlighted@2x.png"; sourceTree = "<group>"; };
		B39391721D0E9447009E2C83 /* knob.png */ = {isa = PBXFileReference; lastKnownFileType = image.png; path = knob.png; sourceTree = "<group>"; };
		B39391731D0E9447009E2C83 /* knob@2x.png */ = {isa = PBXFileReference; lastKnownFileType = image.png; path = "knob@2x.png"; sourceTree = "<group>"; };
		B39391741D0E9447009E2C83 /* pause_button.png */ = {isa = PBXFileReference; lastKnownFileType = image.png; path = pause_button.png; sourceTree = "<group>"; };
		B39391751D0E9447009E2C83 /* pause_button@2x.png */ = {isa = PBXFileReference; lastKnownFileType = image.png; path = "pause_button@2x.png"; sourceTree = "<group>"; };
		B39391761D0E9447009E2C83 /* play_button.png */ = {isa = PBXFileReference; lastKnownFileType = image.png; path = play_button.png; sourceTree = "<group>"; };
		B39391771D0E9447009E2C83 /* play_button@2x.png */ = {isa = PBXFileReference; lastKnownFileType = image.png; path = "play_button@2x.png"; sourceTree = "<group>"; };
		B39391781D0E9447009E2C83 /* tp_info_popup.png */ = {isa = PBXFileReference; lastKnownFileType = image.png; path = tp_info_popup.png; sourceTree = "<group>"; };
		B39391791D0E9447009E2C83 /* tp_info_popup@2x.png */ = {isa = PBXFileReference; lastKnownFileType = image.png; path = "tp_info_popup@2x.png"; sourceTree = "<group>"; };
		B39391841D0EA534009E2C83 /* LYBTransport.h */ = {isa = PBXFileReference; fileEncoding = 4; lastKnownFileType = sourcecode.c.h; path = LYBTransport.h; sourceTree = "<group>"; };
		B39391851D0EA721009E2C83 /* LYBPlayerView.h */ = {isa = PBXFileReference; fileEncoding = 4; lastKnownFileType = sourcecode.c.h; path = LYBPlayerView.h; sourceTree = "<group>"; };
		B39391861D0EA721009E2C83 /* LYBPlayerView.m */ = {isa = PBXFileReference; fileEncoding = 4; lastKnownFileType = sourcecode.c.objc; path = LYBPlayerView.m; sourceTree = "<group>"; };
		B39391881D0EA86C009E2C83 /* RootViewController.h */ = {isa = PBXFileReference; fileEncoding = 4; lastKnownFileType = sourcecode.c.h; path = RootViewController.h; sourceTree = "<group>"; };
		B39391891D0EA86C009E2C83 /* RootViewController.m */ = {isa = PBXFileReference; fileEncoding = 4; lastKnownFileType = sourcecode.c.objc; path = RootViewController.m; sourceTree = "<group>"; };
		B393918E1D0EAEAD009E2C83 /* AVAsset+THAdditions.h */ = {isa = PBXFileReference; fileEncoding = 4; lastKnownFileType = sourcecode.c.h; path = "AVAsset+THAdditions.h"; sourceTree = "<group>"; };
		B393918F1D0EAEAD009E2C83 /* AVAsset+THAdditions.m */ = {isa = PBXFileReference; fileEncoding = 4; lastKnownFileType = sourcecode.c.objc; path = "AVAsset+THAdditions.m"; sourceTree = "<group>"; };
		B39391901D0EAEAD009E2C83 /* NSTimer+Additions.h */ = {isa = PBXFileReference; fileEncoding = 4; lastKnownFileType = sourcecode.c.h; path = "NSTimer+Additions.h"; sourceTree = "<group>"; };
		B39391911D0EAEAD009E2C83 /* NSTimer+Additions.m */ = {isa = PBXFileReference; fileEncoding = 4; lastKnownFileType = sourcecode.c.objc; path = "NSTimer+Additions.m"; sourceTree = "<group>"; };
		B39391921D0EAEAD009E2C83 /* UIAlertView+THAdditions.h */ = {isa = PBXFileReference; fileEncoding = 4; lastKnownFileType = sourcecode.c.h; path = "UIAlertView+THAdditions.h"; sourceTree = "<group>"; };
		B39391931D0EAEAD009E2C83 /* UIAlertView+THAdditions.m */ = {isa = PBXFileReference; fileEncoding = 4; lastKnownFileType = sourcecode.c.objc; path = "UIAlertView+THAdditions.m"; sourceTree = "<group>"; };
		B39391941D0EAEAD009E2C83 /* UIView+THAdditions.h */ = {isa = PBXFileReference; fileEncoding = 4; lastKnownFileType = sourcecode.c.h; path = "UIView+THAdditions.h"; sourceTree = "<group>"; };
		B39391951D0EAEAD009E2C83 /* UIView+THAdditions.m */ = {isa = PBXFileReference; fileEncoding = 4; lastKnownFileType = sourcecode.c.objc; path = "UIView+THAdditions.m"; sourceTree = "<group>"; };
		B393919A1D0EB3E1009E2C83 /* PrefixHeader.pch */ = {isa = PBXFileReference; lastKnownFileType = sourcecode.c.h; path = PrefixHeader.pch; sourceTree = "<group>"; };
		B393919B1D0FF485009E2C83 /* LYBPlayerManager.h */ = {isa = PBXFileReference; fileEncoding = 4; lastKnownFileType = sourcecode.c.h; path = LYBPlayerManager.h; sourceTree = "<group>"; };
		B393919C1D0FF485009E2C83 /* LYBPlayerManager.m */ = {isa = PBXFileReference; fileEncoding = 4; lastKnownFileType = sourcecode.c.objc; path = LYBPlayerManager.m; sourceTree = "<group>"; };
		B39391C41D1000BA009E2C83 /* LYBNotifications.h */ = {isa = PBXFileReference; fileEncoding = 4; lastKnownFileType = sourcecode.c.h; path = LYBNotifications.h; sourceTree = "<group>"; };
		B39391C51D1000BA009E2C83 /* LYBNotifications.m */ = {isa = PBXFileReference; fileEncoding = 4; lastKnownFileType = sourcecode.c.objc; path = LYBNotifications.m; sourceTree = "<group>"; };
		B39391C61D1000BA009E2C83 /* LYBThumbnail.h */ = {isa = PBXFileReference; fileEncoding = 4; lastKnownFileType = sourcecode.c.h; path = LYBThumbnail.h; sourceTree = "<group>"; };
		B39391C71D1000BA009E2C83 /* LYBThumbnail.m */ = {isa = PBXFileReference; fileEncoding = 4; lastKnownFileType = sourcecode.c.objc; path = LYBThumbnail.m; sourceTree = "<group>"; };
		B3B63DAF1D090C9A00780097 /* LYBVideoPlayer.app */ = {isa = PBXFileReference; explicitFileType = wrapper.application; includeInIndex = 0; path = LYBVideoPlayer.app; sourceTree = BUILT_PRODUCTS_DIR; };
		B3B63DB31D090C9A00780097 /* main.m */ = {isa = PBXFileReference; lastKnownFileType = sourcecode.c.objc; path = main.m; sourceTree = "<group>"; };
		B3B63DB51D090C9A00780097 /* AppDelegate.h */ = {isa = PBXFileReference; lastKnownFileType = sourcecode.c.h; path = AppDelegate.h; sourceTree = "<group>"; };
		B3B63DB61D090C9A00780097 /* AppDelegate.m */ = {isa = PBXFileReference; lastKnownFileType = sourcecode.c.objc; path = AppDelegate.m; sourceTree = "<group>"; };
		B3B63DB81D090C9A00780097 /* Assets.xcassets */ = {isa = PBXFileReference; lastKnownFileType = folder.assetcatalog; path = Assets.xcassets; sourceTree = "<group>"; };
		B3B63DBB1D090C9A00780097 /* Base */ = {isa = PBXFileReference; lastKnownFileType = file.storyboard; name = Base; path = Base.lproj/LaunchScreen.storyboard; sourceTree = "<group>"; };
		B3B63DBD1D090C9A00780097 /* Info.plist */ = {isa = PBXFileReference; lastKnownFileType = text.plist.xml; path = Info.plist; sourceTree = "<group>"; };
/* End PBXFileReference section */

/* Begin PBXFrameworksBuildPhase section */
		B3B63DAC1D090C9A00780097 /* Frameworks */ = {
			isa = PBXFrameworksBuildPhase;
			buildActionMask = 2147483647;
			files = (
			);
			runOnlyForDeploymentPostprocessing = 0;
		};
/* End PBXFrameworksBuildPhase section */

/* Begin PBXGroup section */
		B39391681D0E91B9009E2C83 /* Controllers */ = {
			isa = PBXGroup;
			children = (
				B39391881D0EA86C009E2C83 /* RootViewController.h */,
				B39391891D0EA86C009E2C83 /* RootViewController.m */,
			);
			path = Controllers;
			sourceTree = "<group>";
		};
		B39391691D0E91B9009E2C83 /* Support */ = {
			isa = PBXGroup;
			children = (
				B314BDE11D13A473008B7847 /* CDPZoomOut.png */,
				B314BDDB1D13A463008B7847 /* CDPZoomIn.png */,
				B314BDDC1D13A463008B7847 /* CDPZoomIn@2x.png */,
				B314BDDD1D13A463008B7847 /* CDPZoomOut@2x.png */,
				B39391C41D1000BA009E2C83 /* LYBNotifications.h */,
				B39391C51D1000BA009E2C83 /* LYBNotifications.m */,
				B39391C61D1000BA009E2C83 /* LYBThumbnail.h */,
				B39391C71D1000BA009E2C83 /* LYBThumbnail.m */,
				B39391701D0E9447009E2C83 /* knob_highlighted.png */,
				B39391711D0E9447009E2C83 /* knob_highlighted@2x.png */,
				B39391721D0E9447009E2C83 /* knob.png */,
				B39391731D0E9447009E2C83 /* knob@2x.png */,
				B39391741D0E9447009E2C83 /* pause_button.png */,
				B39391751D0E9447009E2C83 /* pause_button@2x.png */,
				B39391761D0E9447009E2C83 /* play_button.png */,
				B39391771D0E9447009E2C83 /* play_button@2x.png */,
				B39391781D0E9447009E2C83 /* tp_info_popup.png */,
				B39391791D0E9447009E2C83 /* tp_info_popup@2x.png */,
			);
			path = Support;
			sourceTree = "<group>";
		};
		B393916A1D0E91B9009E2C83 /* Views */ = {
			isa = PBXGroup;
			children = (
				B314BDE31D13F0F9008B7847 /* LYBFilmstripView.h */,
				B314BDE41D13F0F9008B7847 /* LYBFilmstripView.m */,
				B393919B1D0FF485009E2C83 /* LYBPlayerManager.h */,
				B393919C1D0FF485009E2C83 /* LYBPlayerManager.m */,
				B39391841D0EA534009E2C83 /* LYBTransport.h */,
				B393916B1D0E920C009E2C83 /* LYBOverlayView.h */,
				B393916C1D0E920C009E2C83 /* LYBOverlayView.m */,
				B393916E1D0E9223009E2C83 /* LYBOverlayView.xib */,
				B39391851D0EA721009E2C83 /* LYBPlayerView.h */,
				B39391861D0EA721009E2C83 /* LYBPlayerView.m */,
			);
			path = Views;
			sourceTree = "<group>";
		};
		B393918D1D0EAEAD009E2C83 /* Categories */ = {
			isa = PBXGroup;
			children = (
				B393918E1D0EAEAD009E2C83 /* AVAsset+THAdditions.h */,
				B393918F1D0EAEAD009E2C83 /* AVAsset+THAdditions.m */,
				B39391901D0EAEAD009E2C83 /* NSTimer+Additions.h */,
				B39391911D0EAEAD009E2C83 /* NSTimer+Additions.m */,
				B39391921D0EAEAD009E2C83 /* UIAlertView+THAdditions.h */,
				B39391931D0EAEAD009E2C83 /* UIAlertView+THAdditions.m */,
				B39391941D0EAEAD009E2C83 /* UIView+THAdditions.h */,
				B39391951D0EAEAD009E2C83 /* UIView+THAdditions.m */,
			);
			path = Categories;
			sourceTree = "<group>";
		};
		B3B63DA61D090C9A00780097 = {
			isa = PBXGroup;
			children = (
				B393918D1D0EAEAD009E2C83 /* Categories */,
				B39391681D0E91B9009E2C83 /* Controllers */,
				B39391691D0E91B9009E2C83 /* Support */,
				B393916A1D0E91B9009E2C83 /* Views */,
				B3B63DC31D090E1500780097 /* VideoPlayer */,
				B3B63DB11D090C9A00780097 /* LYBVideoPlayer */,
				B3B63DB01D090C9A00780097 /* Products */,
			);
			sourceTree = "<group>";
		};
		B3B63DB01D090C9A00780097 /* Products */ = {
			isa = PBXGroup;
			children = (
				B3B63DAF1D090C9A00780097 /* LYBVideoPlayer.app */,
			);
			name = Products;
			sourceTree = "<group>";
		};
		B3B63DB11D090C9A00780097 /* LYBVideoPlayer */ = {
			isa = PBXGroup;
			children = (
				B3B63DB51D090C9A00780097 /* AppDelegate.h */,
				B3B63DB61D090C9A00780097 /* AppDelegate.m */,
				B3B63DB81D090C9A00780097 /* Assets.xcassets */,
				B3B63DBA1D090C9A00780097 /* LaunchScreen.storyboard */,
				B3B63DBD1D090C9A00780097 /* Info.plist */,
				B3B63DB21D090C9A00780097 /* Supporting Files */,
			);
			path = LYBVideoPlayer;
			sourceTree = "<group>";
		};
		B3B63DB21D090C9A00780097 /* Supporting Files */ = {
			isa = PBXGroup;
			children = (
				B3B63DB31D090C9A00780097 /* main.m */,
				B393919A1D0EB3E1009E2C83 /* PrefixHeader.pch */,
			);
			name = "Supporting Files";
			sourceTree = "<group>";
		};
		B3B63DC31D090E1500780097 /* VideoPlayer */ = {
			isa = PBXGroup;
			children = (
			);
			path = VideoPlayer;
			sourceTree = "<group>";
		};
/* End PBXGroup section */

/* Begin PBXNativeTarget section */
		B3B63DAE1D090C9A00780097 /* LYBVideoPlayer */ = {
			isa = PBXNativeTarget;
			buildConfigurationList = B3B63DC01D090C9A00780097 /* Build configuration list for PBXNativeTarget "LYBVideoPlayer" */;
			buildPhases = (
				B3B63DAB1D090C9A00780097 /* Sources */,
				B3B63DAC1D090C9A00780097 /* Frameworks */,
				B3B63DAD1D090C9A00780097 /* Resources */,
			);
			buildRules = (
			);
			dependencies = (
			);
			name = LYBVideoPlayer;
			productName = LYBVideoPlayer;
			productReference = B3B63DAF1D090C9A00780097 /* LYBVideoPlayer.app */;
			productType = "com.apple.product-type.application";
		};
/* End PBXNativeTarget section */

/* Begin PBXProject section */
		B3B63DA71D090C9A00780097 /* Project object */ = {
			isa = PBXProject;
			attributes = {
				LastUpgradeCheck = 0730;
				ORGANIZATIONNAME = Leo;
				TargetAttributes = {
					B3B63DAE1D090C9A00780097 = {
						CreatedOnToolsVersion = 7.3.1;
					};
				};
			};
			buildConfigurationList = B3B63DAA1D090C9A00780097 /* Build configuration list for PBXProject "LYBVideoPlayer" */;
			compatibilityVersion = "Xcode 3.2";
			developmentRegion = English;
			hasScannedForEncodings = 0;
			knownRegions = (
				en,
				Base,
			);
			mainGroup = B3B63DA61D090C9A00780097;
			productRefGroup = B3B63DB01D090C9A00780097 /* Products */;
			projectDirPath = "";
			projectRoot = "";
			targets = (
				B3B63DAE1D090C9A00780097 /* LYBVideoPlayer */,
			);
		};
/* End PBXProject section */

/* Begin PBXResourcesBuildPhase section */
		B3B63DAD1D090C9A00780097 /* Resources */ = {
			isa = PBXResourcesBuildPhase;
			buildActionMask = 2147483647;
			files = (
				B3B63DB91D090C9A00780097 /* Assets.xcassets in Resources */,
				B393917F1D0E9447009E2C83 /* pause_button@2x.png in Resources */,
				B314BDE01D13A463008B7847 /* CDPZoomOut@2x.png in Resources */,
				B39391821D0E9447009E2C83 /* tp_info_popup.png in Resources */,
				B314BDDE1D13A463008B7847 /* CDPZoomIn.png in Resources */,
				B393917A1D0E9447009E2C83 /* knob_highlighted.png in Resources */,
				B314BDDF1D13A463008B7847 /* CDPZoomIn@2x.png in Resources */,
				B314BDE21D13A473008B7847 /* CDPZoomOut.png in Resources */,
				B393916F1D0E9223009E2C83 /* LYBOverlayView.xib in Resources */,
				B393917B1D0E9447009E2C83 /* knob_highlighted@2x.png in Resources */,
				B393917E1D0E9447009E2C83 /* pause_button.png in Resources */,
				B393917D1D0E9447009E2C83 /* knob@2x.png in Resources */,
				B39391801D0E9447009E2C83 /* play_button.png in Resources */,
				B3B63DBC1D090C9A00780097 /* LaunchScreen.storyboard in Resources */,
				B39391831D0E9447009E2C83 /* tp_info_popup@2x.png in Resources */,
				B393917C1D0E9447009E2C83 /* knob.png in Resources */,
				B39391811D0E9447009E2C83 /* play_button@2x.png in Resources */,
			);
			runOnlyForDeploymentPostprocessing = 0;
		};
/* End PBXResourcesBuildPhase section */

/* Begin PBXSourcesBuildPhase section */
		B3B63DAB1D090C9A00780097 /* Sources */ = {
			isa = PBXSourcesBuildPhase;
			buildActionMask = 2147483647;
			files = (
				B39391C91D1000BA009E2C83 /* LYBThumbnail.m in Sources */,
				B393916D1D0E920C009E2C83 /* LYBOverlayView.m in Sources */,
				B39391C81D1000BA009E2C83 /* LYBNotifications.m in Sources */,
				B39391871D0EA721009E2C83 /* LYBPlayerView.m in Sources */,
				B3B63DB71D090C9A00780097 /* AppDelegate.m in Sources */,
				B39391991D0EAEAD009E2C83 /* UIView+THAdditions.m in Sources */,
				B314BDE51D13F0F9008B7847 /* LYBFilmstripView.m in Sources */,
				B39391981D0EAEAD009E2C83 /* UIAlertView+THAdditions.m in Sources */,
				B39391961D0EAEAD009E2C83 /* AVAsset+THAdditions.m in Sources */,
				B393919D1D0FF485009E2C83 /* LYBPlayerManager.m in Sources */,
				B3B63DB41D090C9A00780097 /* main.m in Sources */,
				B393918B1D0EA86C009E2C83 /* RootViewController.m in Sources */,
				B39391971D0EAEAD009E2C83 /* NSTimer+Additions.m in Sources */,
			);
			runOnlyForDeploymentPostprocessing = 0;
		};
/* End PBXSourcesBuildPhase section */

/* Begin PBXVariantGroup section */
		B3B63DBA1D090C9A00780097 /* LaunchScreen.storyboard */ = {
			isa = PBXVariantGroup;
			children = (
				B3B63DBB1D090C9A00780097 /* Base */,
			);
			name = LaunchScreen.storyboard;
			sourceTree = "<group>";
		};
/* End PBXVariantGroup section */

/* Begin XCBuildConfiguration section */
		B3B63DBE1D090C9A00780097 /* Debug */ = {
			isa = XCBuildConfiguration;
			buildSettings = {
				ALWAYS_SEARCH_USER_PATHS = NO;
				CLANG_ANALYZER_NONNULL = YES;
				CLANG_CXX_LANGUAGE_STANDARD = "gnu++0x";
				CLANG_CXX_LIBRARY = "libc++";
				CLANG_ENABLE_MODULES = YES;
				CLANG_ENABLE_OBJC_ARC = YES;
				CLANG_WARN_BOOL_CONVERSION = YES;
				CLANG_WARN_CONSTANT_CONVERSION = YES;
				CLANG_WARN_DIRECT_OBJC_ISA_USAGE = YES_ERROR;
				CLANG_WARN_EMPTY_BODY = YES;
				CLANG_WARN_ENUM_CONVERSION = YES;
				CLANG_WARN_INT_CONVERSION = YES;
				CLANG_WARN_OBJC_ROOT_CLASS = YES_ERROR;
				CLANG_WARN_UNREACHABLE_CODE = YES;
				CLANG_WARN__DUPLICATE_METHOD_MATCH = YES;
				"CODE_SIGN_IDENTITY[sdk=iphoneos*]" = "iPhone Developer";
				COPY_PHASE_STRIP = NO;
				DEBUG_INFORMATION_FORMAT = dwarf;
				ENABLE_BITCODE = NO;
				ENABLE_STRICT_OBJC_MSGSEND = YES;
				ENABLE_TESTABILITY = YES;
				GCC_C_LANGUAGE_STANDARD = gnu99;
				GCC_DYNAMIC_NO_PIC = NO;
				GCC_NO_COMMON_BLOCKS = YES;
				GCC_OPTIMIZATION_LEVEL = 0;
				GCC_PREPROCESSOR_DEFINITIONS = (
					"DEBUG=1",
					"$(inherited)",
				);
				GCC_WARN_64_TO_32_BIT_CONVERSION = YES;
				GCC_WARN_ABOUT_RETURN_TYPE = YES_ERROR;
				GCC_WARN_UNDECLARED_SELECTOR = YES;
				GCC_WARN_UNINITIALIZED_AUTOS = YES_AGGRESSIVE;
				GCC_WARN_UNUSED_FUNCTION = YES;
				GCC_WARN_UNUSED_VARIABLE = YES;
				IPHONEOS_DEPLOYMENT_TARGET = 9.3;
				MTL_ENABLE_DEBUG_INFO = YES;
				ONLY_ACTIVE_ARCH = YES;
				SDKROOT = iphoneos;
			};
			name = Debug;
		};
		B3B63DBF1D090C9A00780097 /* Release */ = {
			isa = XCBuildConfiguration;
			buildSettings = {
				ALWAYS_SEARCH_USER_PATHS = NO;
				CLANG_ANALYZER_NONNULL = YES;
				CLANG_CXX_LANGUAGE_STANDARD = "gnu++0x";
				CLANG_CXX_LIBRARY = "libc++";
				CLANG_ENABLE_MODULES = YES;
				CLANG_ENABLE_OBJC_ARC = YES;
				CLANG_WARN_BOOL_CONVERSION = YES;
				CLANG_WARN_CONSTANT_CONVERSION = YES;
				CLANG_WARN_DIRECT_OBJC_ISA_USAGE = YES_ERROR;
				CLANG_WARN_EMPTY_BODY = YES;
				CLANG_WARN_ENUM_CONVERSION = YES;
				CLANG_WARN_INT_CONVERSION = YES;
				CLANG_WARN_OBJC_ROOT_CLASS = YES_ERROR;
				CLANG_WARN_UNREACHABLE_CODE = YES;
				CLANG_WARN__DUPLICATE_METHOD_MATCH = YES;
				"CODE_SIGN_IDENTITY[sdk=iphoneos*]" = "iPhone Developer";
				COPY_PHASE_STRIP = NO;
				DEBUG_INFORMATION_FORMAT = "dwarf-with-dsym";
				ENABLE_BITCODE = NO;
				ENABLE_NS_ASSERTIONS = NO;
				ENABLE_STRICT_OBJC_MSGSEND = YES;
				GCC_C_LANGUAGE_STANDARD = gnu99;
				GCC_NO_COMMON_BLOCKS = YES;
				GCC_WARN_64_TO_32_BIT_CONVERSION = YES;
				GCC_WARN_ABOUT_RETURN_TYPE = YES_ERROR;
				GCC_WARN_UNDECLARED_SELECTOR = YES;
				GCC_WARN_UNINITIALIZED_AUTOS = YES_AGGRESSIVE;
				GCC_WARN_UNUSED_FUNCTION = YES;
				GCC_WARN_UNUSED_VARIABLE = YES;
				IPHONEOS_DEPLOYMENT_TARGET = 9.3;
				MTL_ENABLE_DEBUG_INFO = NO;
				SDKROOT = iphoneos;
				VALIDATE_PRODUCT = YES;
			};
			name = Release;
		};
		B3B63DC11D090C9A00780097 /* Debug */ = {
			isa = XCBuildConfiguration;
			buildSettings = {
				ASSETCATALOG_COMPILER_APPICON_NAME = AppIcon;
				ENABLE_BITCODE = NO;
				GCC_PREFIX_HEADER = LYBVideoPlayer/PrefixHeader.pch;
				INFOPLIST_FILE = LYBVideoPlayer/Info.plist;
				IPHONEOS_DEPLOYMENT_TARGET = 8.0;
				LD_RUNPATH_SEARCH_PATHS = "$(inherited) @executable_path/Frameworks";
				PRODUCT_BUNDLE_IDENTIFIER = WeiHui.LYBVideoPlayer;
				PRODUCT_NAME = "$(TARGET_NAME)";
				TARGETED_DEVICE_FAMILY = 1;
			};
			name = Debug;
		};
		B3B63DC21D090C9A00780097 /* Release */ = {
			isa = XCBuildConfiguration;
			buildSettings = {
				ASSETCATALOG_COMPILER_APPICON_NAME = AppIcon;
				ENABLE_BITCODE = NO;
				GCC_PREFIX_HEADER = LYBVideoPlayer/PrefixHeader.pch;
				INFOPLIST_FILE = LYBVideoPlayer/Info.plist;
				IPHONEOS_DEPLOYMENT_TARGET = 8.0;
				LD_RUNPATH_SEARCH_PATHS = "$(inherited) @executable_path/Frameworks";
				PRODUCT_BUNDLE_IDENTIFIER = WeiHui.LYBVideoPlayer;
				PRODUCT_NAME = "$(TARGET_NAME)";
				TARGETED_DEVICE_FAMILY = 1;
			};
			name = Release;
		};
/* End XCBuildConfiguration section */

/* Begin XCConfigurationList section */
		B3B63DAA1D090C9A00780097 /* Build configuration list for PBXProject "LYBVideoPlayer" */ = {
			isa = XCConfigurationList;
			buildConfigurations = (
				B3B63DBE1D090C9A00780097 /* Debug */,
				B3B63DBF1D090C9A00780097 /* Release */,
			);
			defaultConfigurationIsVisible = 0;
			defaultConfigurationName = Release;
		};
		B3B63DC01D090C9A00780097 /* Build configuration list for PBXNativeTarget "LYBVideoPlayer" */ = {
			isa = XCConfigurationList;
			buildConfigurations = (
				B3B63DC11D090C9A00780097 /* Debug */,
				B3B63DC21D090C9A00780097 /* Release */,
			);
			defaultConfigurationIsVisible = 0;
			defaultConfigurationName = Release;
		};
/* End XCConfigurationList section */
	};
	rootObject = B3B63DA71D090C9A00780097 /* Project object */;
}
